
Microsoft Visual Studio Solution File, Format Version 12.00
# Visual Studio Version 16
VisualStudioVersion = 16.0.29613.14
MinimumVisualStudioVersion = 10.0.40219.1
Project("{FAE04EC0-301F-11D3-BF4B-00C04F79EFBC}") = "ConsoleApp1", "ConsoleApp1\ConsoleApp1.csproj", "{F7000A6A-F7A7-4EA5-B9B6-B4A9C4ECBC3A}"
EndProject
Project("{FAE04EC0-301F-11D3-BF4B-00C04F79EFBC}") = "CommunicationDevice", "CommunicationDevice\CommunicationDevice.csproj", "{7D3B05C2-8B22-4F33-B52E-A8D1CE301262}"
EndProject
Global
	GlobalSection(SolutionConfigurationPlatforms) = preSolution
		Debug|Any CPU = Debug|Any CPU
		Release|Any CPU = Release|Any CPU
	EndGlobalSection
	GlobalSection(ProjectConfigurationPlatforms) = postSolution
		{F7000A6A-F7A7-4EA5-B9B6-B4A9C4ECBC3A}.Debug|Any CPU.ActiveCfg = Debug|Any CPU
		{F7000A6A-F7A7-4EA5-B9B6-B4A9C4ECBC3A}.Debug|Any CPU.Build.0 = Debug|Any CPU
		{F7000A6A-F7A7-4EA5-B9B6-B4A9C4ECBC3A}.Release|Any CPU.ActiveCfg = Release|Any CPU
		{F7000A6A-F7A7-4EA5-B9B6-B4A9C4ECBC3A}.Release|Any CPU.Build.0 = Release|Any CPU
		{7D3B05C2-8B22-4F33-B52E-A8D1CE301262}.Debug|Any CPU.ActiveCfg = Debug|Any CPU
		{7D3B05C2-8B22-4F33-B52E-A8D1CE301262}.Debug|Any CPU.Build.0 = Debug|Any CPU
		{7D3B05C2-8B22-4F33-B52E-A8D1CE301262}.Release|Any CPU.ActiveCfg = Release|Any CPU
		{7D3B05C2-8B22-4F33-B52E-A8D1CE301262}.Release|Any CPU.Build.0 = Release|Any CPU
	EndGlobalSection
	GlobalSection(SolutionProperties) = preSolution
		HideSolutionNode = FALSE
	EndGlobalSection
	GlobalSection(ExtensibilityGlobals) = postSolution
		SolutionGuid = {10F9D5F4-F6C4-459A-B698-49331BF6A95A}
	EndGlobalSection
EndGlobal
